version: 1.0
shards:
  kemal:
    github: kemalcr/kemal
    commit: 79e324efafbfa1dab241c6a6671e4708cb95800c

  kilt:
    github: jeromegn/kilt
    version: 0.4.0

  radix:
    github: luislavena/radix
    version: 0.3.8

  uuid:
    github: raydf/crystal-uuid
    commit: 1ee077db452e60607baab62f75b4e275e18b483c

